
Microsoft Visual Studio Solution File, Format Version 12.00
# Visual Studio Version 16
VisualStudioVersion = 16.0.34114.132
MinimumVisualStudioVersion = 10.0.40219.1
Project("{8BC9CEB8-8B4A-11D0-8D11-00A0C91BC942}") = "A3_F2", "A3_F2.vcxproj", "{BAED684E-D1A9-4AD3-8888-2667B6C3C4E7}"
EndProject
Global
	GlobalSection(SolutionConfigurationPlatforms) = preSolution
		Debug|x64 = Debug|x64
		Debug|x86 = Debug|x86
		Release|x64 = Release|x64
		Release|x86 = Release|x86
	EndGlobalSection
	GlobalSection(ProjectConfigurationPlatforms) = postSolution
		{BAED684E-D1A9-4AD3-8888-2667B6C3C4E7}.Debug|x64.ActiveCfg = Debug|x64
		{BAED684E-D1A9-4AD3-8888-2667B6C3C4E7}.Debug|x64.Build.0 = Debug|x64
		{BAED684E-D1A9-4AD3-8888-2667B6C3C4E7}.Debug|x86.ActiveCfg = Debug|Win32
		{BAED684E-D1A9-4AD3-8888-2667B6C3C4E7}.Debug|x86.Build.0 = Debug|Win32
		{BAED684E-D1A9-4AD3-8888-2667B6C3C4E7}.Release|x64.ActiveCfg = Release|x64
		{BAED684E-D1A9-4AD3-8888-2667B6C3C4E7}.Release|x64.Build.0 = Release|x64
		{BAED684E-D1A9-4AD3-8888-2667B6C3C4E7}.Release|x86.ActiveCfg = Release|Win32
		{BAED684E-D1A9-4AD3-8888-2667B6C3C4E7}.Release|x86.Build.0 = Release|Win32
	EndGlobalSection
	GlobalSection(SolutionProperties) = preSolution
		HideSolutionNode = FALSE
	EndGlobalSection
	GlobalSection(ExtensibilityGlobals) = postSolution
		SolutionGuid = {B1B86505-CB04-4230-8342-911D2FB860F2}
	EndGlobalSection
EndGlobal
